
Microsoft Visual Studio Solution File, Format Version 12.00
# Visual Studio Version 16
VisualStudioVersion = 16.0.30907.101
MinimumVisualStudioVersion = 10.0.40219.1
Project("{FAE04EC0-301F-11D3-BF4B-00C04F79EFBC}") = "Metro", "Metro\Metro.csproj", "{0A8FBD3F-7B9E-4A4F-851A-81ACFDEB17ED}"
EndProject
Project("{FAE04EC0-301F-11D3-BF4B-00C04F79EFBC}") = "Metro.Test", "Metro.Test\Metro.Test.csproj", "{5CA8225B-3A41-405E-BF14-AFC490561D10}"
EndProject
Global
	GlobalSection(SolutionConfigurationPlatforms) = preSolution
		Debug|Any CPU = Debug|Any CPU
		Release|Any CPU = Release|Any CPU
	EndGlobalSection
	GlobalSection(ProjectConfigurationPlatforms) = postSolution
		{0A8FBD3F-7B9E-4A4F-851A-81ACFDEB17ED}.Debug|Any CPU.ActiveCfg = Debug|Any CPU
		{0A8FBD3F-7B9E-4A4F-851A-81ACFDEB17ED}.Debug|Any CPU.Build.0 = Debug|Any CPU
		{0A8FBD3F-7B9E-4A4F-851A-81ACFDEB17ED}.Release|Any CPU.ActiveCfg = Release|Any CPU
		{0A8FBD3F-7B9E-4A4F-851A-81ACFDEB17ED}.Release|Any CPU.Build.0 = Release|Any CPU
		{5CA8225B-3A41-405E-BF14-AFC490561D10}.Debug|Any CPU.ActiveCfg = Debug|Any CPU
		{5CA8225B-3A41-405E-BF14-AFC490561D10}.Debug|Any CPU.Build.0 = Debug|Any CPU
		{5CA8225B-3A41-405E-BF14-AFC490561D10}.Release|Any CPU.ActiveCfg = Release|Any CPU
		{5CA8225B-3A41-405E-BF14-AFC490561D10}.Release|Any CPU.Build.0 = Release|Any CPU
	EndGlobalSection
	GlobalSection(SolutionProperties) = preSolution
		HideSolutionNode = FALSE
	EndGlobalSection
	GlobalSection(ExtensibilityGlobals) = postSolution
		SolutionGuid = {0CFFB4E5-B583-423E-AA0A-8E412BB234D2}
	EndGlobalSection
EndGlobal
